// !$*UTF8*$!
{
	archiveVersion = 1;
	classes = {
	};
	objectVersion = 56;
	objects = {

/* Begin PBXBuildFile section */
		D2636AE428FFD8EA009014EE /* ChartTacToeApp.swift in Sources */ = {isa = PBXBuildFile; fileRef = D2636ADE28FFD8EA009014EE /* ChartTacToeApp.swift */; };
		D2636AE528FFD8EA009014EE /* ContentView.swift in Sources */ = {isa = PBXBuildFile; fileRef = D2636ADF28FFD8EA009014EE /* ContentView.swift */; };
		D2636AE628FFD8EA009014EE /* TicTacToe.swift in Sources */ = {isa = PBXBuildFile; fileRef = D2636AE028FFD8EA009014EE /* TicTacToe.swift */; };
		D2636AE728FFD8EA009014EE /* XMark.swift in Sources */ = {isa = PBXBuildFile; fileRef = D2636AE128FFD8EA009014EE /* XMark.swift */; };
		D2636AE828FFD8EA009014EE /* Player.swift in Sources */ = {isa = PBXBuildFile; fileRef = D2636AE228FFD8EA009014EE /* Player.swift */; };
		D2636AE928FFD8EA009014EE /* Move.swift in Sources */ = {isa = PBXBuildFile; fileRef = D2636AE328FFD8EA009014EE /* Move.swift */; };
		D2636B0E28FFDBA1009014EE /* Chart-wTach-Toe Watch App.app in Embed Watch Content */ = {isa = PBXBuildFile; fileRef = D2636B0D28FFDBA1009014EE /* Chart-wTach-Toe Watch App.app */; settings = {ATTRIBUTES = (RemoveHeadersOnCopy, ); }; };
		D2636B2228FFDBB1009014EE /* Preview Assets.xcassets in Resources */ = {isa = PBXBuildFile; fileRef = D2B19DF028DE993000259187 /* Preview Assets.xcassets */; };
		D2636B2328FFDC0E009014EE /* Assets.xcassets in Resources */ = {isa = PBXBuildFile; fileRef = D2B19DEC28DE993000259187 /* Assets.xcassets */; };
		D2636B2428FFDC15009014EE /* XMark.swift in Sources */ = {isa = PBXBuildFile; fileRef = D2636AE128FFD8EA009014EE /* XMark.swift */; };
		D2636B2528FFDC15009014EE /* Move.swift in Sources */ = {isa = PBXBuildFile; fileRef = D2636AE328FFD8EA009014EE /* Move.swift */; };
		D2636B2628FFDC15009014EE /* ContentView.swift in Sources */ = {isa = PBXBuildFile; fileRef = D2636ADF28FFD8EA009014EE /* ContentView.swift */; };
		D2636B2728FFDC15009014EE /* Player.swift in Sources */ = {isa = PBXBuildFile; fileRef = D2636AE228FFD8EA009014EE /* Player.swift */; };
		D2636B2828FFDC15009014EE /* ChartTacToeApp.swift in Sources */ = {isa = PBXBuildFile; fileRef = D2636ADE28FFD8EA009014EE /* ChartTacToeApp.swift */; };
		D2636B2928FFDC15009014EE /* TicTacToe.swift in Sources */ = {isa = PBXBuildFile; fileRef = D2636AE028FFD8EA009014EE /* TicTacToe.swift */; };
		D2B19DED28DE993000259187 /* Assets.xcassets in Resources */ = {isa = PBXBuildFile; fileRef = D2B19DEC28DE993000259187 /* Assets.xcassets */; };
		D2B19DF128DE993000259187 /* Preview Assets.xcassets in Resources */ = {isa = PBXBuildFile; fileRef = D2B19DF028DE993000259187 /* Preview Assets.xcassets */; };
/* End PBXBuildFile section */

/* Begin PBXContainerItemProxy section */
		D2636B0F28FFDBA1009014EE /* PBXContainerItemProxy */ = {
			isa = PBXContainerItemProxy;
			containerPortal = D2B19DDD28DE992F00259187 /* Project object */;
			proxyType = 1;
			remoteGlobalIDString = D2636B0C28FFDBA1009014EE;
			remoteInfo = "Chart-wTach-Toe Watch App";
		};
/* End PBXContainerItemProxy section */

/* Begin PBXCopyFilesBuildPhase section */
		D2636B1D28FFDBA3009014EE /* Embed Watch Content */ = {
			isa = PBXCopyFilesBuildPhase;
			buildActionMask = 2147483647;
			dstPath = "$(CONTENTS_FOLDER_PATH)/Watch";
			dstSubfolderSpec = 16;
			files = (
				D2636B0E28FFDBA1009014EE /* Chart-wTach-Toe Watch App.app in Embed Watch Content */,
			);
			name = "Embed Watch Content";
			runOnlyForDeploymentPostprocessing = 0;
		};
/* End PBXCopyFilesBuildPhase section */

/* Begin PBXFileReference section */
		D2636ADE28FFD8EA009014EE /* ChartTacToeApp.swift */ = {isa = PBXFileReference; fileEncoding = 4; lastKnownFileType = sourcecode.swift; name = ChartTacToeApp.swift; path = "Chart-Tac-Toe.swiftpm/ChartTacToeApp.swift"; sourceTree = SOURCE_ROOT; };
		D2636ADF28FFD8EA009014EE /* ContentView.swift */ = {isa = PBXFileReference; fileEncoding = 4; lastKnownFileType = sourcecode.swift; name = ContentView.swift; path = "Chart-Tac-Toe.swiftpm/ContentView.swift"; sourceTree = SOURCE_ROOT; };
		D2636AE028FFD8EA009014EE /* TicTacToe.swift */ = {isa = PBXFileReference; fileEncoding = 4; lastKnownFileType = sourcecode.swift; name = TicTacToe.swift; path = "Chart-Tac-Toe.swiftpm/TicTacToe.swift"; sourceTree = SOURCE_ROOT; };
		D2636AE128FFD8EA009014EE /* XMark.swift */ = {isa = PBXFileReference; fileEncoding = 4; lastKnownFileType = sourcecode.swift; name = XMark.swift; path = "Chart-Tac-Toe.swiftpm/XMark.swift"; sourceTree = SOURCE_ROOT; };
		D2636AE228FFD8EA009014EE /* Player.swift */ = {isa = PBXFileReference; fileEncoding = 4; lastKnownFileType = sourcecode.swift; name = Player.swift; path = "Chart-Tac-Toe.swiftpm/Player.swift"; sourceTree = SOURCE_ROOT; };
		D2636AE328FFD8EA009014EE /* Move.swift */ = {isa = PBXFileReference; fileEncoding = 4; lastKnownFileType = sourcecode.swift; name = Move.swift; path = "Chart-Tac-Toe.swiftpm/Move.swift"; sourceTree = SOURCE_ROOT; };
		D2636B0828FFDBA1009014EE /* Chart-wTach-Toe.app */ = {isa = PBXFileReference; explicitFileType = wrapper.application; includeInIndex = 0; path = "Chart-wTach-Toe.app"; sourceTree = BUILT_PRODUCTS_DIR; };
		D2636B0D28FFDBA1009014EE /* Chart-wTach-Toe Watch App.app */ = {isa = PBXFileReference; explicitFileType = wrapper.application; includeInIndex = 0; path = "Chart-wTach-Toe Watch App.app"; sourceTree = BUILT_PRODUCTS_DIR; };
		D2B19DE528DE992F00259187 /* Chart-Tac-Toe.app */ = {isa = PBXFileReference; explicitFileType = wrapper.application; includeInIndex = 0; path = "Chart-Tac-Toe.app"; sourceTree = BUILT_PRODUCTS_DIR; };
		D2B19DEC28DE993000259187 /* Assets.xcassets */ = {isa = PBXFileReference; lastKnownFileType = folder.assetcatalog; path = Assets.xcassets; sourceTree = "<group>"; };
		D2B19DEE28DE993000259187 /* ChartTacToe.entitlements */ = {isa = PBXFileReference; lastKnownFileType = text.plist.entitlements; path = ChartTacToe.entitlements; sourceTree = "<group>"; };
		D2B19DF028DE993000259187 /* Preview Assets.xcassets */ = {isa = PBXFileReference; lastKnownFileType = folder.assetcatalog; path = "Preview Assets.xcassets"; sourceTree = "<group>"; };
/* End PBXFileReference section */

/* Begin PBXFrameworksBuildPhase section */
		D2636B0A28FFDBA1009014EE /* Frameworks */ = {
			isa = PBXFrameworksBuildPhase;
			buildActionMask = 2147483647;
			files = (
			);
			runOnlyForDeploymentPostprocessing = 0;
		};
		D2B19DE228DE992F00259187 /* Frameworks */ = {
			isa = PBXFrameworksBuildPhase;
			buildActionMask = 2147483647;
			files = (
			);
			runOnlyForDeploymentPostprocessing = 0;
		};
/* End PBXFrameworksBuildPhase section */

/* Begin PBXGroup section */
		D2B19DDC28DE992F00259187 = {
			isa = PBXGroup;
			children = (
				D2B19DE728DE992F00259187 /* Chart-Tac-Toe */,
				D2B19DE628DE992F00259187 /* Products */,
			);
			sourceTree = "<group>";
		};
		D2B19DE628DE992F00259187 /* Products */ = {
			isa = PBXGroup;
			children = (
				D2B19DE528DE992F00259187 /* Chart-Tac-Toe.app */,
				D2636B0828FFDBA1009014EE /* Chart-wTach-Toe.app */,
				D2636B0D28FFDBA1009014EE /* Chart-wTach-Toe Watch App.app */,
			);
			name = Products;
			sourceTree = "<group>";
		};
		D2B19DE728DE992F00259187 /* Chart-Tac-Toe */ = {
			isa = PBXGroup;
			children = (
				D2636ADE28FFD8EA009014EE /* ChartTacToeApp.swift */,
				D2636ADF28FFD8EA009014EE /* ContentView.swift */,
				D2636AE328FFD8EA009014EE /* Move.swift */,
				D2636AE228FFD8EA009014EE /* Player.swift */,
				D2636AE028FFD8EA009014EE /* TicTacToe.swift */,
				D2636AE128FFD8EA009014EE /* XMark.swift */,
				D2B19DEC28DE993000259187 /* Assets.xcassets */,
				D2B19DEE28DE993000259187 /* ChartTacToe.entitlements */,
				D2B19DEF28DE993000259187 /* Preview Content */,
			);
			path = "Chart-Tac-Toe";
			sourceTree = "<group>";
		};
		D2B19DEF28DE993000259187 /* Preview Content */ = {
			isa = PBXGroup;
			children = (
				D2B19DF028DE993000259187 /* Preview Assets.xcassets */,
			);
			path = "Preview Content";
			sourceTree = "<group>";
		};
/* End PBXGroup section */

/* Begin PBXNativeTarget section */
		D2636B0728FFDBA1009014EE /* Chart-wTach-Toe */ = {
			isa = PBXNativeTarget;
			buildConfigurationList = D2636B2128FFDBA3009014EE /* Build configuration list for PBXNativeTarget "Chart-wTach-Toe" */;
			buildPhases = (
				D2636B0628FFDBA1009014EE /* Resources */,
				D2636B1D28FFDBA3009014EE /* Embed Watch Content */,
			);
			buildRules = (
			);
			dependencies = (
				D2636B1028FFDBA1009014EE /* PBXTargetDependency */,
			);
			name = "Chart-wTach-Toe";
			productName = "Chart-wTach-Toe";
			productReference = D2636B0828FFDBA1009014EE /* Chart-wTach-Toe.app */;
			productType = "com.apple.product-type.application.watchapp2-container";
		};
		D2636B0C28FFDBA1009014EE /* Chart-wTach-Toe Watch App */ = {
			isa = PBXNativeTarget;
			buildConfigurationList = D2636B2028FFDBA3009014EE /* Build configuration list for PBXNativeTarget "Chart-wTach-Toe Watch App" */;
			buildPhases = (
				D2636B0928FFDBA1009014EE /* Sources */,
				D2636B0A28FFDBA1009014EE /* Frameworks */,
				D2636B0B28FFDBA1009014EE /* Resources */,
			);
			buildRules = (
			);
			dependencies = (
			);
			name = "Chart-wTach-Toe Watch App";
			productName = "Chart-wTach-Toe Watch App";
			productReference = D2636B0D28FFDBA1009014EE /* Chart-wTach-Toe Watch App.app */;
			productType = "com.apple.product-type.application";
		};
		D2B19DE428DE992F00259187 /* Chart-Tac-Toe */ = {
			isa = PBXNativeTarget;
			buildConfigurationList = D2B19DF428DE993000259187 /* Build configuration list for PBXNativeTarget "Chart-Tac-Toe" */;
			buildPhases = (
				D2B19DE128DE992F00259187 /* Sources */,
				D2B19DE228DE992F00259187 /* Frameworks */,
				D2B19DE328DE992F00259187 /* Resources */,
			);
			buildRules = (
			);
			dependencies = (
			);
			name = "Chart-Tac-Toe";
			productName = "Chart-Tac-Toe";
			productReference = D2B19DE528DE992F00259187 /* Chart-Tac-Toe.app */;
			productType = "com.apple.product-type.application";
		};
/* End PBXNativeTarget section */

/* Begin PBXProject section */
		D2B19DDD28DE992F00259187 /* Project object */ = {
			isa = PBXProject;
			attributes = {
				BuildIndependentTargetsInParallel = 1;
				LastSwiftUpdateCheck = 1410;
				LastUpgradeCheck = 1410;
				TargetAttributes = {
					D2636B0728FFDBA1009014EE = {
						CreatedOnToolsVersion = 14.1;
					};
					D2636B0C28FFDBA1009014EE = {
						CreatedOnToolsVersion = 14.1;
					};
					D2B19DE428DE992F00259187 = {
						CreatedOnToolsVersion = 14.1;
						LastSwiftMigration = 1410;
					};
				};
			};
			buildConfigurationList = D2B19DE028DE992F00259187 /* Build configuration list for PBXProject "Chart-Tac-Toe" */;
			compatibilityVersion = "Xcode 14.0";
			developmentRegion = en;
			hasScannedForEncodings = 0;
			knownRegions = (
				en,
				Base,
			);
			mainGroup = D2B19DDC28DE992F00259187;
			productRefGroup = D2B19DE628DE992F00259187 /* Products */;
			projectDirPath = "";
			projectRoot = "";
			targets = (
				D2B19DE428DE992F00259187 /* Chart-Tac-Toe */,
				D2636B0728FFDBA1009014EE /* Chart-wTach-Toe */,
				D2636B0C28FFDBA1009014EE /* Chart-wTach-Toe Watch App */,
			);
		};
/* End PBXProject section */

/* Begin PBXResourcesBuildPhase section */
		D2636B0628FFDBA1009014EE /* Resources */ = {
			isa = PBXResourcesBuildPhase;
			buildActionMask = 2147483647;
			files = (
			);
			runOnlyForDeploymentPostprocessing = 0;
		};
		D2636B0B28FFDBA1009014EE /* Resources */ = {
			isa = PBXResourcesBuildPhase;
			buildActionMask = 2147483647;
			files = (
				D2636B2228FFDBB1009014EE /* Preview Assets.xcassets in Resources */,
				D2636B2328FFDC0E009014EE /* Assets.xcassets in Resources */,
			);
			runOnlyForDeploymentPostprocessing = 0;
		};
		D2B19DE328DE992F00259187 /* Resources */ = {
			isa = PBXResourcesBuildPhase;
			buildActionMask = 2147483647;
			files = (
				D2B19DF128DE993000259187 /* Preview Assets.xcassets in Resources */,
				D2B19DED28DE993000259187 /* Assets.xcassets in Resources */,
			);
			runOnlyForDeploymentPostprocessing = 0;
		};
/* End PBXResourcesBuildPhase section */

/* Begin PBXSourcesBuildPhase section */
		D2636B0928FFDBA1009014EE /* Sources */ = {
			isa = PBXSourcesBuildPhase;
			buildActionMask = 2147483647;
			files = (
				D2636B2528FFDC15009014EE /* Move.swift in Sources */,
				D2636B2628FFDC15009014EE /* ContentView.swift in Sources */,
				D2636B2928FFDC15009014EE /* TicTacToe.swift in Sources */,
				D2636B2428FFDC15009014EE /* XMark.swift in Sources */,
				D2636B2828FFDC15009014EE /* ChartTacToeApp.swift in Sources */,
				D2636B2728FFDC15009014EE /* Player.swift in Sources */,
			);
			runOnlyForDeploymentPostprocessing = 0;
		};
		D2B19DE128DE992F00259187 /* Sources */ = {
			isa = PBXSourcesBuildPhase;
			buildActionMask = 2147483647;
			files = (
				D2636AE528FFD8EA009014EE /* ContentView.swift in Sources */,
				D2636AE728FFD8EA009014EE /* XMark.swift in Sources */,
				D2636AE628FFD8EA009014EE /* TicTacToe.swift in Sources */,
				D2636AE828FFD8EA009014EE /* Player.swift in Sources */,
				D2636AE928FFD8EA009014EE /* Move.swift in Sources */,
				D2636AE428FFD8EA009014EE /* ChartTacToeApp.swift in Sources */,
			);
			runOnlyForDeploymentPostprocessing = 0;
		};
/* End PBXSourcesBuildPhase section */

/* Begin PBXTargetDependency section */
		D2636B1028FFDBA1009014EE /* PBXTargetDependency */ = {
			isa = PBXTargetDependency;
			target = D2636B0C28FFDBA1009014EE /* Chart-wTach-Toe Watch App */;
			targetProxy = D2636B0F28FFDBA1009014EE /* PBXContainerItemProxy */;
		};
/* End PBXTargetDependency section */

/* Begin XCBuildConfiguration section */
		D2636B1B28FFDBA3009014EE /* Debug */ = {
			isa = XCBuildConfiguration;
			buildSettings = {
				ALWAYS_EMBED_SWIFT_STANDARD_LIBRARIES = YES;
				CODE_SIGN_STYLE = Automatic;
				CURRENT_PROJECT_VERSION = 1;
				DEVELOPMENT_TEAM = 2H866F22W7;
				INFOPLIST_KEY_CFBundleDisplayName = "Chart-Tac-Toe";
				MARKETING_VERSION = 1.0;
				PRODUCT_BUNDLE_IDENTIFIER = "io.github.ApolloZhu.Chart-wTach-Toe";
				PRODUCT_NAME = "$(TARGET_NAME)";
				SDKROOT = iphoneos;
				SWIFT_VERSION = 5.0;
			};
			name = Debug;
		};
		D2636B1C28FFDBA3009014EE /* Release */ = {
			isa = XCBuildConfiguration;
			buildSettings = {
				ALWAYS_EMBED_SWIFT_STANDARD_LIBRARIES = YES;
				CODE_SIGN_STYLE = Automatic;
				CURRENT_PROJECT_VERSION = 1;
				DEVELOPMENT_TEAM = 2H866F22W7;
				INFOPLIST_KEY_CFBundleDisplayName = "Chart-Tac-Toe";
				MARKETING_VERSION = 1.0;
				PRODUCT_BUNDLE_IDENTIFIER = "io.github.ApolloZhu.Chart-wTach-Toe";
				PRODUCT_NAME = "$(TARGET_NAME)";
				SDKROOT = iphoneos;
				SWIFT_VERSION = 5.0;
				VALIDATE_PRODUCT = YES;
			};
			name = Release;
		};
		D2636B1E28FFDBA3009014EE /* Debug */ = {
			isa = XCBuildConfiguration;
			buildSettings = {
				ASSETCATALOG_COMPILER_APPICON_NAME = AppIcon;
				ASSETCATALOG_COMPILER_GLOBAL_ACCENT_COLOR_NAME = AccentColor;
				CODE_SIGN_STYLE = Automatic;
				CURRENT_PROJECT_VERSION = 1;
				DEVELOPMENT_ASSET_PATHS = "\"Chart-Tac-Toe/Preview Content\"";
				DEVELOPMENT_TEAM = 2H866F22W7;
				ENABLE_PREVIEWS = YES;
				GENERATE_INFOPLIST_FILE = YES;
				INFOPLIST_KEY_CFBundleDisplayName = "Chart-Tac-Toe";
				INFOPLIST_KEY_UISupportedInterfaceOrientations = "UIInterfaceOrientationPortrait UIInterfaceOrientationPortraitUpsideDown";
				INFOPLIST_KEY_WKWatchOnly = YES;
				LD_RUNPATH_SEARCH_PATHS = (
					"$(inherited)",
					"@executable_path/Frameworks",
				);
				MARKETING_VERSION = 1.0;
				PRODUCT_BUNDLE_IDENTIFIER = "io.github.ApolloZhu.Chart-wTach-Toe.watchkitapp";
				PRODUCT_NAME = "$(TARGET_NAME)";
				SDKROOT = watchos;
				SKIP_INSTALL = YES;
				SWIFT_EMIT_LOC_STRINGS = YES;
				SWIFT_VERSION = 5.0;
				TARGETED_DEVICE_FAMILY = 4;
				WATCHOS_DEPLOYMENT_TARGET = 9.1;
			};
			name = Debug;
		};
		D2636B1F28FFDBA3009014EE /* Release */ = {
			isa = XCBuildConfiguration;
			buildSettings = {
				ASSETCATALOG_COMPILER_APPICON_NAME = AppIcon;
				ASSETCATALOG_COMPILER_GLOBAL_ACCENT_COLOR_NAME = AccentColor;
				CODE_SIGN_STYLE = Automatic;
				CURRENT_PROJECT_VERSION = 1;
				DEVELOPMENT_ASSET_PATHS = "\"Chart-Tac-Toe/Preview Content\"";
				DEVELOPMENT_TEAM = 2H866F22W7;
				ENABLE_PREVIEWS = YES;
				GENERATE_INFOPLIST_FILE = YES;
				INFOPLIST_KEY_CFBundleDisplayName = "Chart-Tac-Toe";
				INFOPLIST_KEY_UISupportedInterfaceOrientations = "UIInterfaceOrientationPortrait UIInterfaceOrientationPortraitUpsideDown";
				INFOPLIST_KEY_WKWatchOnly = YES;
				LD_RUNPATH_SEARCH_PATHS = (
					"$(inherited)",
					"@executable_path/Frameworks",
				);
				MARKETING_VERSION = 1.0;
				PRODUCT_BUNDLE_IDENTIFIER = "io.github.ApolloZhu.Chart-wTach-Toe.watchkitapp";
				PRODUCT_NAME = "$(TARGET_NAME)";
				SDKROOT = watchos;
				SKIP_INSTALL = YES;
				SWIFT_EMIT_LOC_STRINGS = YES;
				SWIFT_VERSION = 5.0;
				TARGETED_DEVICE_FAMILY = 4;
				VALIDATE_PRODUCT = YES;
				WATCHOS_DEPLOYMENT_TARGET = 9.1;
			};
			name = Release;
		};
		D2B19DF228DE993000259187 /* Debug */ = {
			isa = XCBuildConfiguration;
			buildSettings = {
				ALWAYS_SEARCH_USER_PATHS = NO;
				CLANG_ANALYZER_NONNULL = YES;
				CLANG_ANALYZER_NUMBER_OBJECT_CONVERSION = YES_AGGRESSIVE;
				CLANG_CXX_LANGUAGE_STANDARD = "gnu++20";
				CLANG_ENABLE_MODULES = YES;
				CLANG_ENABLE_OBJC_ARC = YES;
				CLANG_ENABLE_OBJC_WEAK = YES;
				CLANG_WARN_BLOCK_CAPTURE_AUTORELEASING = YES;
				CLANG_WARN_BOOL_CONVERSION = YES;
				CLANG_WARN_COMMA = YES;
				CLANG_WARN_CONSTANT_CONVERSION = YES;
				CLANG_WARN_DEPRECATED_OBJC_IMPLEMENTATIONS = YES;
				CLANG_WARN_DIRECT_OBJC_ISA_USAGE = YES_ERROR;
				CLANG_WARN_DOCUMENTATION_COMMENTS = YES;
				CLANG_WARN_EMPTY_BODY = YES;
				CLANG_WARN_ENUM_CONVERSION = YES;
				CLANG_WARN_INFINITE_RECURSION = YES;
				CLANG_WARN_INT_CONVERSION = YES;
				CLANG_WARN_NON_LITERAL_NULL_CONVERSION = YES;
				CLANG_WARN_OBJC_IMPLICIT_RETAIN_SELF = YES;
				CLANG_WARN_OBJC_LITERAL_CONVERSION = YES;
				CLANG_WARN_OBJC_ROOT_CLASS = YES_ERROR;
				CLANG_WARN_QUOTED_INCLUDE_IN_FRAMEWORK_HEADER = YES;
				CLANG_WARN_RANGE_LOOP_ANALYSIS = YES;
				CLANG_WARN_STRICT_PROTOTYPES = YES;
				CLANG_WARN_SUSPICIOUS_MOVE = YES;
				CLANG_WARN_UNGUARDED_AVAILABILITY = YES_AGGRESSIVE;
				CLANG_WARN_UNREACHABLE_CODE = YES;
				CLANG_WARN__DUPLICATE_METHOD_MATCH = YES;
				COPY_PHASE_STRIP = NO;
				DEBUG_INFORMATION_FORMAT = dwarf;
				ENABLE_STRICT_OBJC_MSGSEND = YES;
				ENABLE_TESTABILITY = YES;
				GCC_C_LANGUAGE_STANDARD = gnu11;
				GCC_DYNAMIC_NO_PIC = NO;
				GCC_NO_COMMON_BLOCKS = YES;
				GCC_OPTIMIZATION_LEVEL = 0;
				GCC_PREPROCESSOR_DEFINITIONS = (
					"DEBUG=1",
					"$(inherited)",
				);
				GCC_WARN_64_TO_32_BIT_CONVERSION = YES;
				GCC_WARN_ABOUT_RETURN_TYPE = YES_ERROR;
				GCC_WARN_UNDECLARED_SELECTOR = YES;
				GCC_WARN_UNINITIALIZED_AUTOS = YES_AGGRESSIVE;
				GCC_WARN_UNUSED_FUNCTION = YES;
				GCC_WARN_UNUSED_VARIABLE = YES;
				MTL_ENABLE_DEBUG_INFO = INCLUDE_SOURCE;
				MTL_FAST_MATH = YES;
				ONLY_ACTIVE_ARCH = YES;
				SWIFT_ACTIVE_COMPILATION_CONDITIONS = DEBUG;
				SWIFT_OPTIMIZATION_LEVEL = "-Onone";
			};
			name = Debug;
		};
		D2B19DF328DE993000259187 /* Release */ = {
			isa = XCBuildConfiguration;
			buildSettings = {
				ALWAYS_SEARCH_USER_PATHS = NO;
				CLANG_ANALYZER_NONNULL = YES;
				CLANG_ANALYZER_NUMBER_OBJECT_CONVERSION = YES_AGGRESSIVE;
				CLANG_CXX_LANGUAGE_STANDARD = "gnu++20";
				CLANG_ENABLE_MODULES = YES;
				CLANG_ENABLE_OBJC_ARC = YES;
				CLANG_ENABLE_OBJC_WEAK = YES;
				CLANG_WARN_BLOCK_CAPTURE_AUTORELEASING = YES;
				CLANG_WARN_BOOL_CONVERSION = YES;
				CLANG_WARN_COMMA = YES;
				CLANG_WARN_CONSTANT_CONVERSION = YES;
				CLANG_WARN_DEPRECATED_OBJC_IMPLEMENTATIONS = YES;
				CLANG_WARN_DIRECT_OBJC_ISA_USAGE = YES_ERROR;
				CLANG_WARN_DOCUMENTATION_COMMENTS = YES;
				CLANG_WARN_EMPTY_BODY = YES;
				CLANG_WARN_ENUM_CONVERSION = YES;
				CLANG_WARN_INFINITE_RECURSION = YES;
				CLANG_WARN_INT_CONVERSION = YES;
				CLANG_WARN_NON_LITERAL_NULL_CONVERSION = YES;
				CLANG_WARN_OBJC_IMPLICIT_RETAIN_SELF = YES;
				CLANG_WARN_OBJC_LITERAL_CONVERSION = YES;
				CLANG_WARN_OBJC_ROOT_CLASS = YES_ERROR;
				CLANG_WARN_QUOTED_INCLUDE_IN_FRAMEWORK_HEADER = YES;
				CLANG_WARN_RANGE_LOOP_ANALYSIS = YES;
				CLANG_WARN_STRICT_PROTOTYPES = YES;
				CLANG_WARN_SUSPICIOUS_MOVE = YES;
				CLANG_WARN_UNGUARDED_AVAILABILITY = YES_AGGRESSIVE;
				CLANG_WARN_UNREACHABLE_CODE = YES;
				CLANG_WARN__DUPLICATE_METHOD_MATCH = YES;
				COPY_PHASE_STRIP = NO;
				DEBUG_INFORMATION_FORMAT = "dwarf-with-dsym";
				ENABLE_NS_ASSERTIONS = NO;
				ENABLE_STRICT_OBJC_MSGSEND = YES;
				GCC_C_LANGUAGE_STANDARD = gnu11;
				GCC_NO_COMMON_BLOCKS = YES;
				GCC_WARN_64_TO_32_BIT_CONVERSION = YES;
				GCC_WARN_ABOUT_RETURN_TYPE = YES_ERROR;
				GCC_WARN_UNDECLARED_SELECTOR = YES;
				GCC_WARN_UNINITIALIZED_AUTOS = YES_AGGRESSIVE;
				GCC_WARN_UNUSED_FUNCTION = YES;
				GCC_WARN_UNUSED_VARIABLE = YES;
				MTL_ENABLE_DEBUG_INFO = NO;
				MTL_FAST_MATH = YES;
				SWIFT_COMPILATION_MODE = wholemodule;
				SWIFT_OPTIMIZATION_LEVEL = "-O";
			};
			name = Release;
		};
		D2B19DF528DE993000259187 /* Debug */ = {
			isa = XCBuildConfiguration;
			buildSettings = {
				ASSETCATALOG_COMPILER_APPICON_NAME = AppIcon;
				ASSETCATALOG_COMPILER_GLOBAL_ACCENT_COLOR_NAME = AccentColor;
				CODE_SIGN_ENTITLEMENTS = "Chart-Tac-Toe/ChartTacToe.entitlements";
				CODE_SIGN_STYLE = Automatic;
				CURRENT_PROJECT_VERSION = 1;
				DEVELOPMENT_ASSET_PATHS = "\"Chart-Tac-Toe/Preview Content\"";
				DEVELOPMENT_TEAM = 2H866F22W7;
				ENABLE_HARDENED_RUNTIME = YES;
				ENABLE_PREVIEWS = YES;
				GENERATE_INFOPLIST_FILE = YES;
				"INFOPLIST_KEY_UIApplicationSceneManifest_Generation[sdk=iphoneos*]" = YES;
				"INFOPLIST_KEY_UIApplicationSceneManifest_Generation[sdk=iphonesimulator*]" = YES;
				"INFOPLIST_KEY_UIApplicationSupportsIndirectInputEvents[sdk=iphoneos*]" = YES;
				"INFOPLIST_KEY_UIApplicationSupportsIndirectInputEvents[sdk=iphonesimulator*]" = YES;
				"INFOPLIST_KEY_UILaunchScreen_Generation[sdk=iphoneos*]" = YES;
				"INFOPLIST_KEY_UILaunchScreen_Generation[sdk=iphonesimulator*]" = YES;
				"INFOPLIST_KEY_UIStatusBarStyle[sdk=iphoneos*]" = UIStatusBarStyleDefault;
				"INFOPLIST_KEY_UIStatusBarStyle[sdk=iphonesimulator*]" = UIStatusBarStyleDefault;
				INFOPLIST_KEY_UISupportedInterfaceOrientations_iPad = "UIInterfaceOrientationPortrait UIInterfaceOrientationPortraitUpsideDown UIInterfaceOrientationLandscapeLeft UIInterfaceOrientationLandscapeRight";
				INFOPLIST_KEY_UISupportedInterfaceOrientations_iPhone = "UIInterfaceOrientationPortrait UIInterfaceOrientationLandscapeLeft UIInterfaceOrientationLandscapeRight";
				IPHONEOS_DEPLOYMENT_TARGET = 16.0;
				LD_RUNPATH_SEARCH_PATHS = "@executable_path/Frameworks";
				"LD_RUNPATH_SEARCH_PATHS[sdk=macosx*]" = "@executable_path/../Frameworks";
				MACOSX_DEPLOYMENT_TARGET = 13.0;
				MARKETING_VERSION = 1.0;
				PRODUCT_BUNDLE_IDENTIFIER = "io.github.ApolloZhu.Chart-Tac-Toe";
				PRODUCT_MODULE_NAME = ChartTacToe;
				PRODUCT_NAME = "$(TARGET_NAME)";
				SDKROOT = auto;
				SUPPORTED_PLATFORMS = "iphoneos iphonesimulator macosx";
				SWIFT_EMIT_LOC_STRINGS = YES;
				SWIFT_VERSION = 5.0;
				TARGETED_DEVICE_FAMILY = "1,2";
			};
			name = Debug;
		};
		D2B19DF628DE993000259187 /* Release */ = {
			isa = XCBuildConfiguration;
			buildSettings = {
				ASSETCATALOG_COMPILER_APPICON_NAME = AppIcon;
				ASSETCATALOG_COMPILER_GLOBAL_ACCENT_COLOR_NAME = AccentColor;
				CODE_SIGN_ENTITLEMENTS = "Chart-Tac-Toe/ChartTacToe.entitlements";
				CODE_SIGN_STYLE = Automatic;
				CURRENT_PROJECT_VERSION = 1;
				DEVELOPMENT_ASSET_PATHS = "\"Chart-Tac-Toe/Preview Content\"";
				DEVELOPMENT_TEAM = 2H866F22W7;
				ENABLE_HARDENED_RUNTIME = YES;
				ENABLE_PREVIEWS = YES;
				GENERATE_INFOPLIST_FILE = YES;
				"INFOPLIST_KEY_UIApplicationSceneManifest_Generation[sdk=iphoneos*]" = YES;
				"INFOPLIST_KEY_UIApplicationSceneManifest_Generation[sdk=iphonesimulator*]" = YES;
				"INFOPLIST_KEY_UIApplicationSupportsIndirectInputEvents[sdk=iphoneos*]" = YES;
				"INFOPLIST_KEY_UIApplicationSupportsIndirectInputEvents[sdk=iphonesimulator*]" = YES;
				"INFOPLIST_KEY_UILaunchScreen_Generation[sdk=iphoneos*]" = YES;
				"INFOPLIST_KEY_UILaunchScreen_Generation[sdk=iphonesimulator*]" = YES;
				"INFOPLIST_KEY_UIStatusBarStyle[sdk=iphoneos*]" = UIStatusBarStyleDefault;
				"INFOPLIST_KEY_UIStatusBarStyle[sdk=iphonesimulator*]" = UIStatusBarStyleDefault;
				INFOPLIST_KEY_UISupportedInterfaceOrientations_iPad = "UIInterfaceOrientationPortrait UIInterfaceOrientationPortraitUpsideDown UIInterfaceOrientationLandscapeLeft UIInterfaceOrientationLandscapeRight";
				INFOPLIST_KEY_UISupportedInterfaceOrientations_iPhone = "UIInterfaceOrientationPortrait UIInterfaceOrientationLandscapeLeft UIInterfaceOrientationLandscapeRight";
				IPHONEOS_DEPLOYMENT_TARGET = 16.0;
				LD_RUNPATH_SEARCH_PATHS = "@executable_path/Frameworks";
				"LD_RUNPATH_SEARCH_PATHS[sdk=macosx*]" = "@executable_path/../Frameworks";
				MACOSX_DEPLOYMENT_TARGET = 13.0;
				MARKETING_VERSION = 1.0;
				PRODUCT_BUNDLE_IDENTIFIER = "io.github.ApolloZhu.Chart-Tac-Toe";
				PRODUCT_MODULE_NAME = ChartTacToe;
				PRODUCT_NAME = "$(TARGET_NAME)";
				SDKROOT = auto;
				SUPPORTED_PLATFORMS = "iphoneos iphonesimulator macosx";
				SWIFT_EMIT_LOC_STRINGS = YES;
				SWIFT_VERSION = 5.0;
				TARGETED_DEVICE_FAMILY = "1,2";
			};
			name = Release;
		};
/* End XCBuildConfiguration section */

/* Begin XCConfigurationList section */
		D2636B2028FFDBA3009014EE /* Build configuration list for PBXNativeTarget "Chart-wTach-Toe Watch App" */ = {
			isa = XCConfigurationList;
			buildConfigurations = (
				D2636B1E28FFDBA3009014EE /* Debug */,
				D2636B1F28FFDBA3009014EE /* Release */,
			);
			defaultConfigurationIsVisible = 0;
			defaultConfigurationName = Release;
		};
		D2636B2128FFDBA3009014EE /* Build configuration list for PBXNativeTarget "Chart-wTach-Toe" */ = {
			isa = XCConfigurationList;
			buildConfigurations = (
				D2636B1B28FFDBA3009014EE /* Debug */,
				D2636B1C28FFDBA3009014EE /* Release */,
			);
			defaultConfigurationIsVisible = 0;
			defaultConfigurationName = Release;
		};
		D2B19DE028DE992F00259187 /* Build configuration list for PBXProject "Chart-Tac-Toe" */ = {
			isa = XCConfigurationList;
			buildConfigurations = (
				D2B19DF228DE993000259187 /* Debug */,
				D2B19DF328DE993000259187 /* Release */,
			);
			defaultConfigurationIsVisible = 0;
			defaultConfigurationName = Release;
		};
		D2B19DF428DE993000259187 /* Build configuration list for PBXNativeTarget "Chart-Tac-Toe" */ = {
			isa = XCConfigurationList;
			buildConfigurations = (
				D2B19DF528DE993000259187 /* Debug */,
				D2B19DF628DE993000259187 /* Release */,
			);
			defaultConfigurationIsVisible = 0;
			defaultConfigurationName = Release;
		};
/* End XCConfigurationList section */
	};
	rootObject = D2B19DDD28DE992F00259187 /* Project object */;
}
